// !$*UTF8*$!
{
	archiveVersion = 1;
	classes = {
	};
	objectVersion = 50;
	objects = {

/* Begin PBXBuildFile section */
		B4108194271382D40058C12F /* AppDelegate.swift in Sources */ = {isa = PBXBuildFile; fileRef = B4108193271382D40058C12F /* AppDelegate.swift */; };
		B4108196271382D40058C12F /* SceneDelegate.swift in Sources */ = {isa = PBXBuildFile; fileRef = B4108195271382D40058C12F /* SceneDelegate.swift */; };
		B4108198271382D40058C12F /* MainViewController.swift in Sources */ = {isa = PBXBuildFile; fileRef = B4108197271382D40058C12F /* MainViewController.swift */; };
		B410819D271382D50058C12F /* Assets.xcassets in Resources */ = {isa = PBXBuildFile; fileRef = B410819C271382D50058C12F /* Assets.xcassets */; };
		B41081A0271382D50058C12F /* LaunchScreen.storyboard in Resources */ = {isa = PBXBuildFile; fileRef = B410819E271382D50058C12F /* LaunchScreen.storyboard */; };
		B44C26FE2715CC6F00D1C364 /* LogUpViewController.swift in Sources */ = {isa = PBXBuildFile; fileRef = B44C26FD2715CC6F00D1C364 /* LogUpViewController.swift */; };
		B44C27022715DC1800D1C364 /* PlaylistViewController.swift in Sources */ = {isa = PBXBuildFile; fileRef = B44C27012715DC1800D1C364 /* PlaylistViewController.swift */; };
		B44C27042715DD0F00D1C364 /* PlaylistTableViewCell.swift in Sources */ = {isa = PBXBuildFile; fileRef = B44C27032715DD0F00D1C364 /* PlaylistTableViewCell.swift */; };
		B44C27062715E39900D1C364 /* AlbumViewController.swift in Sources */ = {isa = PBXBuildFile; fileRef = B44C27052715E39900D1C364 /* AlbumViewController.swift */; };
		B4CEA4F927171DBD00D62A20 /* AlbumCollectionViewCell.swift in Sources */ = {isa = PBXBuildFile; fileRef = B4CEA4F827171DBD00D62A20 /* AlbumCollectionViewCell.swift */; };
/* End PBXBuildFile section */

/* Begin PBXFileReference section */
		B4108190271382D40058C12F /* UIKit-iTunes.app */ = {isa = PBXFileReference; explicitFileType = wrapper.application; includeInIndex = 0; path = "UIKit-iTunes.app"; sourceTree = BUILT_PRODUCTS_DIR; };
		B4108193271382D40058C12F /* AppDelegate.swift */ = {isa = PBXFileReference; lastKnownFileType = sourcecode.swift; path = AppDelegate.swift; sourceTree = "<group>"; };
		B4108195271382D40058C12F /* SceneDelegate.swift */ = {isa = PBXFileReference; lastKnownFileType = sourcecode.swift; path = SceneDelegate.swift; sourceTree = "<group>"; };
		B4108197271382D40058C12F /* MainViewController.swift */ = {isa = PBXFileReference; lastKnownFileType = sourcecode.swift; path = MainViewController.swift; sourceTree = "<group>"; };
		B410819C271382D50058C12F /* Assets.xcassets */ = {isa = PBXFileReference; lastKnownFileType = folder.assetcatalog; path = Assets.xcassets; sourceTree = "<group>"; };
		B410819F271382D50058C12F /* Base */ = {isa = PBXFileReference; lastKnownFileType = file.storyboard; name = Base; path = Base.lproj/LaunchScreen.storyboard; sourceTree = "<group>"; };
		B41081A1271382D50058C12F /* Info.plist */ = {isa = PBXFileReference; lastKnownFileType = text.plist.xml; path = Info.plist; sourceTree = "<group>"; };
		B44C26FD2715CC6F00D1C364 /* LogUpViewController.swift */ = {isa = PBXFileReference; lastKnownFileType = sourcecode.swift; path = LogUpViewController.swift; sourceTree = "<group>"; };
		B44C27012715DC1800D1C364 /* PlaylistViewController.swift */ = {isa = PBXFileReference; lastKnownFileType = sourcecode.swift; path = PlaylistViewController.swift; sourceTree = "<group>"; };
		B44C27032715DD0F00D1C364 /* PlaylistTableViewCell.swift */ = {isa = PBXFileReference; lastKnownFileType = sourcecode.swift; path = PlaylistTableViewCell.swift; sourceTree = "<group>"; };
		B44C27052715E39900D1C364 /* AlbumViewController.swift */ = {isa = PBXFileReference; lastKnownFileType = sourcecode.swift; path = AlbumViewController.swift; sourceTree = "<group>"; };
		B4CEA4F827171DBD00D62A20 /* AlbumCollectionViewCell.swift */ = {isa = PBXFileReference; lastKnownFileType = sourcecode.swift; path = AlbumCollectionViewCell.swift; sourceTree = "<group>"; };
/* End PBXFileReference section */

/* Begin PBXFrameworksBuildPhase section */
		B410818D271382D40058C12F /* Frameworks */ = {
			isa = PBXFrameworksBuildPhase;
			buildActionMask = 2147483647;
			files = (
			);
			runOnlyForDeploymentPostprocessing = 0;
		};
/* End PBXFrameworksBuildPhase section */

/* Begin PBXGroup section */
		B4108187271382D40058C12F = {
			isa = PBXGroup;
			children = (
				B4108192271382D40058C12F /* UIKit-iTunes */,
				B4108191271382D40058C12F /* Products */,
			);
			sourceTree = "<group>";
		};
		B4108191271382D40058C12F /* Products */ = {
			isa = PBXGroup;
			children = (
				B4108190271382D40058C12F /* UIKit-iTunes.app */,
			);
			name = Products;
			sourceTree = "<group>";
		};
		B4108192271382D40058C12F /* UIKit-iTunes */ = {
			isa = PBXGroup;
			children = (
				B4108193271382D40058C12F /* AppDelegate.swift */,
				B4108195271382D40058C12F /* SceneDelegate.swift */,
				B44C26FA2715CA6B00D1C364 /* ViewControllers */,
				B410819C271382D50058C12F /* Assets.xcassets */,
				B410819E271382D50058C12F /* LaunchScreen.storyboard */,
				B41081A1271382D50058C12F /* Info.plist */,
			);
			path = "UIKit-iTunes";
			sourceTree = "<group>";
		};
		B44C26FA2715CA6B00D1C364 /* ViewControllers */ = {
			isa = PBXGroup;
			children = (
				B4108197271382D40058C12F /* MainViewController.swift */,
				B44C26FD2715CC6F00D1C364 /* LogUpViewController.swift */,
				B44C27012715DC1800D1C364 /* PlaylistViewController.swift */,
				B44C27032715DD0F00D1C364 /* PlaylistTableViewCell.swift */,
				B44C27052715E39900D1C364 /* AlbumViewController.swift */,
				B4CEA4F827171DBD00D62A20 /* AlbumCollectionViewCell.swift */,
			);
			path = ViewControllers;
			sourceTree = "<group>";
		};
/* End PBXGroup section */

/* Begin PBXNativeTarget section */
		B410818F271382D40058C12F /* UIKit-iTunes */ = {
			isa = PBXNativeTarget;
			buildConfigurationList = B41081A4271382D50058C12F /* Build configuration list for PBXNativeTarget "UIKit-iTunes" */;
			buildPhases = (
				B410818C271382D40058C12F /* Sources */,
				B410818D271382D40058C12F /* Frameworks */,
				B410818E271382D40058C12F /* Resources */,
			);
			buildRules = (
			);
			dependencies = (
			);
			name = "UIKit-iTunes";
			productName = "UIKit-iTunes";
			productReference = B4108190271382D40058C12F /* UIKit-iTunes.app */;
			productType = "com.apple.product-type.application";
		};
/* End PBXNativeTarget section */

/* Begin PBXProject section */
		B4108188271382D40058C12F /* Project object */ = {
			isa = PBXProject;
			attributes = {
				LastSwiftUpdateCheck = 1250;
				LastUpgradeCheck = 1250;
				TargetAttributes = {
					B410818F271382D40058C12F = {
						CreatedOnToolsVersion = 12.5;
					};
				};
			};
			buildConfigurationList = B410818B271382D40058C12F /* Build configuration list for PBXProject "UIKit-iTunes" */;
			compatibilityVersion = "Xcode 9.3";
			developmentRegion = en;
			hasScannedForEncodings = 0;
			knownRegions = (
				en,
				Base,
			);
			mainGroup = B4108187271382D40058C12F;
			productRefGroup = B4108191271382D40058C12F /* Products */;
			projectDirPath = "";
			projectRoot = "";
			targets = (
				B410818F271382D40058C12F /* UIKit-iTunes */,
			);
		};
/* End PBXProject section */

/* Begin PBXResourcesBuildPhase section */
		B410818E271382D40058C12F /* Resources */ = {
			isa = PBXResourcesBuildPhase;
			buildActionMask = 2147483647;
			files = (
				B41081A0271382D50058C12F /* LaunchScreen.storyboard in Resources */,
				B410819D271382D50058C12F /* Assets.xcassets in Resources */,
			);
			runOnlyForDeploymentPostprocessing = 0;
		};
/* End PBXResourcesBuildPhase section */

/* Begin PBXSourcesBuildPhase section */
		B410818C271382D40058C12F /* Sources */ = {
			isa = PBXSourcesBuildPhase;
			buildActionMask = 2147483647;
			files = (
				B4CEA4F927171DBD00D62A20 /* AlbumCollectionViewCell.swift in Sources */,
				B44C26FE2715CC6F00D1C364 /* LogUpViewController.swift in Sources */,
				B4108198271382D40058C12F /* MainViewController.swift in Sources */,
				B44C27022715DC1800D1C364 /* PlaylistViewController.swift in Sources */,
				B44C27062715E39900D1C364 /* AlbumViewController.swift in Sources */,
				B44C27042715DD0F00D1C364 /* PlaylistTableViewCell.swift in Sources */,
				B4108194271382D40058C12F /* AppDelegate.swift in Sources */,
				B4108196271382D40058C12F /* SceneDelegate.swift in Sources */,
			);
			runOnlyForDeploymentPostprocessing = 0;
		};
/* End PBXSourcesBuildPhase section */

/* Begin PBXVariantGroup section */
		B410819E271382D50058C12F /* LaunchScreen.storyboard */ = {
			isa = PBXVariantGroup;
			children = (
				B410819F271382D50058C12F /* Base */,
			);
			name = LaunchScreen.storyboard;
			sourceTree = "<group>";
		};
/* End PBXVariantGroup section */

/* Begin XCBuildConfiguration section */
		B41081A2271382D50058C12F /* Debug */ = {
			isa = XCBuildConfiguration;
			buildSettings = {
				ALWAYS_SEARCH_USER_PATHS = NO;
				CLANG_ANALYZER_NONNULL = YES;
				CLANG_ANALYZER_NUMBER_OBJECT_CONVERSION = YES_AGGRESSIVE;
				CLANG_CXX_LANGUAGE_STANDARD = "gnu++14";
				CLANG_CXX_LIBRARY = "libc++";
				CLANG_ENABLE_MODULES = YES;
				CLANG_ENABLE_OBJC_ARC = YES;
				CLANG_ENABLE_OBJC_WEAK = YES;
				CLANG_WARN_BLOCK_CAPTURE_AUTORELEASING = YES;
				CLANG_WARN_BOOL_CONVERSION = YES;
				CLANG_WARN_COMMA = YES;
				CLANG_WARN_CONSTANT_CONVERSION = YES;
				CLANG_WARN_DEPRECATED_OBJC_IMPLEMENTATIONS = YES;
				CLANG_WARN_DIRECT_OBJC_ISA_USAGE = YES_ERROR;
				CLANG_WARN_DOCUMENTATION_COMMENTS = YES;
				CLANG_WARN_EMPTY_BODY = YES;
				CLANG_WARN_ENUM_CONVERSION = YES;
				CLANG_WARN_INFINITE_RECURSION = YES;
				CLANG_WARN_INT_CONVERSION = YES;
				CLANG_WARN_NON_LITERAL_NULL_CONVERSION = YES;
				CLANG_WARN_OBJC_IMPLICIT_RETAIN_SELF = YES;
				CLANG_WARN_OBJC_LITERAL_CONVERSION = YES;
				CLANG_WARN_OBJC_ROOT_CLASS = YES_ERROR;
				CLANG_WARN_QUOTED_INCLUDE_IN_FRAMEWORK_HEADER = YES;
				CLANG_WARN_RANGE_LOOP_ANALYSIS = YES;
				CLANG_WARN_STRICT_PROTOTYPES = YES;
				CLANG_WARN_SUSPICIOUS_MOVE = YES;
				CLANG_WARN_UNGUARDED_AVAILABILITY = YES_AGGRESSIVE;
				CLANG_WARN_UNREACHABLE_CODE = YES;
				CLANG_WARN__DUPLICATE_METHOD_MATCH = YES;
				COPY_PHASE_STRIP = NO;
				DEBUG_INFORMATION_FORMAT = dwarf;
				ENABLE_STRICT_OBJC_MSGSEND = YES;
				ENABLE_TESTABILITY = YES;
				GCC_C_LANGUAGE_STANDARD = gnu11;
				GCC_DYNAMIC_NO_PIC = NO;
				GCC_NO_COMMON_BLOCKS = YES;
				GCC_OPTIMIZATION_LEVEL = 0;
				GCC_PREPROCESSOR_DEFINITIONS = (
					"DEBUG=1",
					"$(inherited)",
				);
				GCC_WARN_64_TO_32_BIT_CONVERSION = YES;
				GCC_WARN_ABOUT_RETURN_TYPE = YES_ERROR;
				GCC_WARN_UNDECLARED_SELECTOR = YES;
				GCC_WARN_UNINITIALIZED_AUTOS = YES_AGGRESSIVE;
				GCC_WARN_UNUSED_FUNCTION = YES;
				GCC_WARN_UNUSED_VARIABLE = YES;
				IPHONEOS_DEPLOYMENT_TARGET = 14.5;
				MTL_ENABLE_DEBUG_INFO = INCLUDE_SOURCE;
				MTL_FAST_MATH = YES;
				ONLY_ACTIVE_ARCH = YES;
				SDKROOT = iphoneos;
				SWIFT_ACTIVE_COMPILATION_CONDITIONS = DEBUG;
				SWIFT_OPTIMIZATION_LEVEL = "-Onone";
			};
			name = Debug;
		};
		B41081A3271382D50058C12F /* Release */ = {
			isa = XCBuildConfiguration;
			buildSettings = {
				ALWAYS_SEARCH_USER_PATHS = NO;
				CLANG_ANALYZER_NONNULL = YES;
				CLANG_ANALYZER_NUMBER_OBJECT_CONVERSION = YES_AGGRESSIVE;
				CLANG_CXX_LANGUAGE_STANDARD = "gnu++14";
				CLANG_CXX_LIBRARY = "libc++";
				CLANG_ENABLE_MODULES = YES;
				CLANG_ENABLE_OBJC_ARC = YES;
				CLANG_ENABLE_OBJC_WEAK = YES;
				CLANG_WARN_BLOCK_CAPTURE_AUTORELEASING = YES;
				CLANG_WARN_BOOL_CONVERSION = YES;
				CLANG_WARN_COMMA = YES;
				CLANG_WARN_CONSTANT_CONVERSION = YES;
				CLANG_WARN_DEPRECATED_OBJC_IMPLEMENTATIONS = YES;
				CLANG_WARN_DIRECT_OBJC_ISA_USAGE = YES_ERROR;
				CLANG_WARN_DOCUMENTATION_COMMENTS = YES;
				CLANG_WARN_EMPTY_BODY = YES;
				CLANG_WARN_ENUM_CONVERSION = YES;
				CLANG_WARN_INFINITE_RECURSION = YES;
				CLANG_WARN_INT_CONVERSION = YES;
				CLANG_WARN_NON_LITERAL_NULL_CONVERSION = YES;
				CLANG_WARN_OBJC_IMPLICIT_RETAIN_SELF = YES;
				CLANG_WARN_OBJC_LITERAL_CONVERSION = YES;
				CLANG_WARN_OBJC_ROOT_CLASS = YES_ERROR;
				CLANG_WARN_QUOTED_INCLUDE_IN_FRAMEWORK_HEADER = YES;
				CLANG_WARN_RANGE_LOOP_ANALYSIS = YES;
				CLANG_WARN_STRICT_PROTOTYPES = YES;
				CLANG_WARN_SUSPICIOUS_MOVE = YES;
				CLANG_WARN_UNGUARDED_AVAILABILITY = YES_AGGRESSIVE;
				CLANG_WARN_UNREACHABLE_CODE = YES;
				CLANG_WARN__DUPLICATE_METHOD_MATCH = YES;
				COPY_PHASE_STRIP = NO;
				DEBUG_INFORMATION_FORMAT = "dwarf-with-dsym";
				ENABLE_NS_ASSERTIONS = NO;
				ENABLE_STRICT_OBJC_MSGSEND = YES;
				GCC_C_LANGUAGE_STANDARD = gnu11;
				GCC_NO_COMMON_BLOCKS = YES;
				GCC_WARN_64_TO_32_BIT_CONVERSION = YES;
				GCC_WARN_ABOUT_RETURN_TYPE = YES_ERROR;
				GCC_WARN_UNDECLARED_SELECTOR = YES;
				GCC_WARN_UNINITIALIZED_AUTOS = YES_AGGRESSIVE;
				GCC_WARN_UNUSED_FUNCTION = YES;
				GCC_WARN_UNUSED_VARIABLE = YES;
				IPHONEOS_DEPLOYMENT_TARGET = 14.5;
				MTL_ENABLE_DEBUG_INFO = NO;
				MTL_FAST_MATH = YES;
				SDKROOT = iphoneos;
				SWIFT_COMPILATION_MODE = wholemodule;
				SWIFT_OPTIMIZATION_LEVEL = "-O";
				VALIDATE_PRODUCT = YES;
			};
			name = Release;
		};
		B41081A5271382D50058C12F /* Debug */ = {
			isa = XCBuildConfiguration;
			buildSettings = {
				ASSETCATALOG_COMPILER_APPICON_NAME = AppIcon;
				ASSETCATALOG_COMPILER_GLOBAL_ACCENT_COLOR_NAME = AccentColor;
				CODE_SIGN_STYLE = Automatic;
				DEVELOPMENT_TEAM = XRTUKAGRTL;
				INFOPLIST_FILE = "UIKit-iTunes/Info.plist";
				LD_RUNPATH_SEARCH_PATHS = (
					"$(inherited)",
					"@executable_path/Frameworks",
				);
				PRODUCT_BUNDLE_IDENTIFIER = "com.AlexanderSobolev.UIKit-iTunes";
				PRODUCT_NAME = "$(TARGET_NAME)";
				SWIFT_VERSION = 5.0;
				TARGETED_DEVICE_FAMILY = "1,2";
			};
			name = Debug;
		};
		B41081A6271382D50058C12F /* Release */ = {
			isa = XCBuildConfiguration;
			buildSettings = {
				ASSETCATALOG_COMPILER_APPICON_NAME = AppIcon;
				ASSETCATALOG_COMPILER_GLOBAL_ACCENT_COLOR_NAME = AccentColor;
				CODE_SIGN_STYLE = Automatic;
				DEVELOPMENT_TEAM = XRTUKAGRTL;
				INFOPLIST_FILE = "UIKit-iTunes/Info.plist";
				LD_RUNPATH_SEARCH_PATHS = (
					"$(inherited)",
					"@executable_path/Frameworks",
				);
				PRODUCT_BUNDLE_IDENTIFIER = "com.AlexanderSobolev.UIKit-iTunes";
				PRODUCT_NAME = "$(TARGET_NAME)";
				SWIFT_VERSION = 5.0;
				TARGETED_DEVICE_FAMILY = "1,2";
			};
			name = Release;
		};
/* End XCBuildConfiguration section */

/* Begin XCConfigurationList section */
		B410818B271382D40058C12F /* Build configuration list for PBXProject "UIKit-iTunes" */ = {
			isa = XCConfigurationList;
			buildConfigurations = (
				B41081A2271382D50058C12F /* Debug */,
				B41081A3271382D50058C12F /* Release */,
			);
			defaultConfigurationIsVisible = 0;
			defaultConfigurationName = Release;
		};
		B41081A4271382D50058C12F /* Build configuration list for PBXNativeTarget "UIKit-iTunes" */ = {
			isa = XCConfigurationList;
			buildConfigurations = (
				B41081A5271382D50058C12F /* Debug */,
				B41081A6271382D50058C12F /* Release */,
			);
			defaultConfigurationIsVisible = 0;
			defaultConfigurationName = Release;
		};
/* End XCConfigurationList section */
	};
	rootObject = B4108188271382D40058C12F /* Project object */;
}
